# THIS IS AN AUTOGENERATED FILE. DO NOT EDIT THIS FILE DIRECTLY.
# yarn lockfile v1


"@date-io/core@^2.16.0":
  version "2.16.0"
  resolved "https://registry.yarnpkg.com/@date-io/core/-/core-2.16.0.tgz#7871bfc1d9bca9aa35ad444a239505589d0f22f6"
  integrity sha512-DYmSzkr+jToahwWrsiRA2/pzMEtz9Bq1euJwoOuYwuwIYXnZFtHajY2E6a1VNVDc9jP8YUXK1BvnZH9mmT19Zg==

"@date-io/date-fns@^2.16.0":
  version "2.16.0"
  resolved "https://registry.yarnpkg.com/@date-io/date-fns/-/date-fns-2.16.0.tgz#bd5e09b6ecb47ee55e593fc3a87e7b2caaa3da40"
  integrity sha512-bfm5FJjucqlrnQcXDVU5RD+nlGmL3iWgkHTq3uAZWVIuBu6dDmGa3m8a6zo2VQQpu8ambq9H22UyUpn7590joA==
  dependencies:
    "@date-io/core" "^2.16.0"
